{
  "name": "devdactic-lib",
  "version": "0.0.1",
  "lockfileVersion": 2,
  "requires": true,
  "packages": {
    "": {
      "name": "devdactic-lib",
      "version": "0.0.1",
      "dependencies": {
        "tslib": "^2.3.0"
      },
      "devDependencies": {
        "@ionic/angular": "^6.4.0"
      },
      "peerDependencies": {
        "@angular/common": "^13.1.0",
        "@angular/core": "^13.1.0"
      }
    },
    "node_modules/@ionic/angular": {
      "version": "6.4.0",
      "resolved": "https://registry.npmjs.org/@ionic/angular/-/angular-6.4.0.tgz",
      "integrity": "sha512-ZcMtcSk0WQzw8vxfBpBSMD8g96EqdhGVoCKmBTQsMqYhnRMGCa5518p3vLSe7KiK64G+zSzXpAuuCkz6u12UgA==",
      "dev": true,
      "dependencies": {
        "@ionic/core": "6.4.0",
        "ionicons": "^6.0.4",
        "jsonc-parser": "^3.0.0",
        "tslib": "^2.0.0"
      },
      "peerDependencies": {
        "@angular/core": ">=12.0.0",
        "@angular/forms": ">=12.0.0",
        "@angular/router": ">=12.0.0",
        "rxjs": ">=6.6.0",
        "zone.js": ">=0.11.0"
      }
    },
    "node_modules/@ionic/core": {
      "version": "6.4.0",
      "resolved": "https://registry.npmjs.org/@ionic/core/-/core-6.4.0.tgz",
      "integrity": "sha512-rWqXX67bWDD5r5Kleacy4dTBIXcB1gX+2Q5AK7LAtmtHUUuJPqGw/bAWE8hGKlF7ehJTyzb5CYV9XDzb8/00Zw==",
      "dev": true,
      "dependencies": {
        "@stencil/core": "^2.18.0",
        "ionicons": "^6.0.4",
        "tslib": "^2.1.0"
      }
    },
    "node_modules/@stencil/core": {
      "version": "2.20.0",
      "resolved": "https://registry.npmjs.org/@stencil/core/-/core-2.20.0.tgz",
      "integrity": "sha512-ka+eOW+dNteXIfLCRipNbbAlBEQjqJ2fkx3fxzlKgnNHEQMdZiuIjlWt63KzvOJStNeuADdQXo89BB1dC2VRUw==",
      "dev": true,
      "bin": {
        "stencil": "bin/stencil"
      },
      "engines": {
        "node": ">=12.10.0",
        "npm": ">=6.0.0"
      }
    },
    "node_modules/ionicons": {
      "version": "6.0.4",
      "resolved": "https://registry.npmjs.org/ionicons/-/ionicons-6.0.4.tgz",
      "integrity": "sha512-uDNOkBo0OVYV+kIhb51g9mb7r3Z0b+78GPZQBsjXuaetNmrB/mNTqN/uFtO+vxL/rQySKjzk8qeKJI5NWL9Ueg==",
      "dev": true,
      "dependencies": {
        "@stencil/core": "^2.18.0"
      }
    },
    "node_modules/jsonc-parser": {
      "version": "3.2.0",
      "resolved": "https://registry.npmjs.org/jsonc-parser/-/jsonc-parser-3.2.0.tgz",
      "integrity": "sha512-gfFQZrcTc8CnKXp6Y4/CBT3fTc0OVuDofpre4aEeEpSBPV5X5v4+Vmx+8snU7RLPrNHPKSgLxGo9YuQzz20o+w==",
      "dev": true
    },
    "node_modules/tslib": {
      "version": "2.4.1",
      "resolved": "https://registry.npmjs.org/tslib/-/tslib-2.4.1.tgz",
      "integrity": "sha512-tGyy4dAjRIEwI7BzsB0lynWgOpfqjUdq91XXAlIWD2OwKBH7oCl/GZG/HT4BOHrTlPMOASlMQ7veyTqpmRcrNA=="
    }
  },
  "dependencies": {
    "@ionic/angular": {
      "version": "6.4.0",
      "resolved": "https://registry.npmjs.org/@ionic/angular/-/angular-6.4.0.tgz",
      "integrity": "sha512-ZcMtcSk0WQzw8vxfBpBSMD8g96EqdhGVoCKmBTQsMqYhnRMGCa5518p3vLSe7KiK64G+zSzXpAuuCkz6u12UgA==",
      "dev": true,
      "requires": {
        "@ionic/core": "6.4.0",
        "ionicons": "^6.0.4",
        "jsonc-parser": "^3.0.0",
        "tslib": "^2.0.0"
      }
    },
    "@ionic/core": {
      "version": "6.4.0",
      "resolved": "https://registry.npmjs.org/@ionic/core/-/core-6.4.0.tgz",
      "integrity": "sha512-rWqXX67bWDD5r5Kleacy4dTBIXcB1gX+2Q5AK7LAtmtHUUuJPqGw/bAWE8hGKlF7ehJTyzb5CYV9XDzb8/00Zw==",
      "dev": true,
      "requires": {
        "@stencil/core": "^2.18.0",
        "ionicons": "^6.0.4",
        "tslib": "^2.1.0"
      }
    },
    "@stencil/core": {
      "version": "2.20.0",
      "resolved": "https://registry.npmjs.org/@stencil/core/-/core-2.20.0.tgz",
      "integrity": "sha512-ka+eOW+dNteXIfLCRipNbbAlBEQjqJ2fkx3fxzlKgnNHEQMdZiuIjlWt63KzvOJStNeuADdQXo89BB1dC2VRUw==",
      "dev": true
    },
    "ionicons": {
      "version": "6.0.4",
      "resolved": "https://registry.npmjs.org/ionicons/-/ionicons-6.0.4.tgz",
      "integrity": "sha512-uDNOkBo0OVYV+kIhb51g9mb7r3Z0b+78GPZQBsjXuaetNmrB/mNTqN/uFtO+vxL/rQySKjzk8qeKJI5NWL9Ueg==",
      "dev": true,
      "requires": {
        "@stencil/core": "^2.18.0"
      }
    },
    "jsonc-parser": {
      "version": "3.2.0",
      "resolved": "https://registry.npmjs.org/jsonc-parser/-/jsonc-parser-3.2.0.tgz",
      "integrity": "sha512-gfFQZrcTc8CnKXp6Y4/CBT3fTc0OVuDofpre4aEeEpSBPV5X5v4+Vmx+8snU7RLPrNHPKSgLxGo9YuQzz20o+w==",
      "dev": true
    },
    "tslib": {
      "version": "2.4.1",
      "resolved": "https://registry.npmjs.org/tslib/-/tslib-2.4.1.tgz",
      "integrity": "sha512-tGyy4dAjRIEwI7BzsB0lynWgOpfqjUdq91XXAlIWD2OwKBH7oCl/GZG/HT4BOHrTlPMOASlMQ7veyTqpmRcrNA=="
    }
  }
}
